
Microsoft Visual Studio Solution File, Format Version 12.00
# Visual Studio 15
VisualStudioVersion = 15.0.26430.16
MinimumVisualStudioVersion = 10.0.40219.1
Project("{2150E333-8FDC-42A3-9474-1A3956D46DE8}") = "DEMOS", "DEMOS", "{75A6D539-8458-45DF-BE47-1376FB54C16E}"
EndProject
Project("{8BC9CEB8-8B4A-11D0-8D11-00A0C91BC942}") = "Winapi", "Winapi\Winapi.vcxproj", "{EF9B5E00-F5D5-4EA6-9B4C-8C8149983517}"
EndProject
Project("{2150E333-8FDC-42A3-9474-1A3956D46DE8}") = "DEMOS_Winapi", "DEMOS_Winapi", "{01251884-230B-45EF-82FF-A3002DDA40E5}"
EndProject
Project("{2150E333-8FDC-42A3-9474-1A3956D46DE8}") = "Class", "Class", "{E0A09DA7-AF20-49C2-84DC-481ADDD01DCA}"
EndProject
Project("{8BC9CEB8-8B4A-11D0-8D11-00A0C91BC942}") = "22_SpatialOptimization", "22_SpatialOptimization\22_SpatialOptimization.vcxproj", "{844D5FBC-A0E8-446D-AF24-7B6FAD8FD713}"
EndProject
Project("{8BC9CEB8-8B4A-11D0-8D11-00A0C91BC942}") = "23_SpatialOptimizationPt2", "23_SpatialOptimizationPt2\23_SpatialOptimizationPt2.vcxproj", "{AA74BEEF-2484-4B8A-A9F4-ACB122220189}"
EndProject
Project("{2150E333-8FDC-42A3-9474-1A3956D46DE8}") = "PROJECT", "PROJECT", "{35427A70-36E6-4621-AEF1-D60F52D7A9DC}"
EndProject
Project("{8BC9CEB8-8B4A-11D0-8D11-00A0C91BC942}") = "openGLolf", "openGLolf\openGLolf.vcxproj", "{44D2C07B-798D-461B-9019-DFB240593888}"
EndProject
Global
	GlobalSection(SolutionConfigurationPlatforms) = preSolution
		Debug|x86 = Debug|x86
		Release|x86 = Release|x86
	EndGlobalSection
	GlobalSection(ProjectConfigurationPlatforms) = postSolution
		{EF9B5E00-F5D5-4EA6-9B4C-8C8149983517}.Debug|x86.ActiveCfg = Debug|Win32
		{EF9B5E00-F5D5-4EA6-9B4C-8C8149983517}.Debug|x86.Build.0 = Debug|Win32
		{EF9B5E00-F5D5-4EA6-9B4C-8C8149983517}.Debug|x86.Deploy.0 = Debug|Win32
		{EF9B5E00-F5D5-4EA6-9B4C-8C8149983517}.Release|x86.ActiveCfg = Release|Win32
		{EF9B5E00-F5D5-4EA6-9B4C-8C8149983517}.Release|x86.Build.0 = Release|Win32
		{EF9B5E00-F5D5-4EA6-9B4C-8C8149983517}.Release|x86.Deploy.0 = Release|Win32
		{844D5FBC-A0E8-446D-AF24-7B6FAD8FD713}.Debug|x86.ActiveCfg = Debug|Win32
		{844D5FBC-A0E8-446D-AF24-7B6FAD8FD713}.Debug|x86.Build.0 = Debug|Win32
		{844D5FBC-A0E8-446D-AF24-7B6FAD8FD713}.Release|x86.ActiveCfg = Release|Win32
		{844D5FBC-A0E8-446D-AF24-7B6FAD8FD713}.Release|x86.Build.0 = Release|Win32
		{AA74BEEF-2484-4B8A-A9F4-ACB122220189}.Debug|x86.ActiveCfg = Debug|Win32
		{AA74BEEF-2484-4B8A-A9F4-ACB122220189}.Debug|x86.Build.0 = Debug|Win32
		{AA74BEEF-2484-4B8A-A9F4-ACB122220189}.Release|x86.ActiveCfg = Release|Win32
		{AA74BEEF-2484-4B8A-A9F4-ACB122220189}.Release|x86.Build.0 = Release|Win32
		{44D2C07B-798D-461B-9019-DFB240593888}.Debug|x86.ActiveCfg = Debug|Win32
		{44D2C07B-798D-461B-9019-DFB240593888}.Debug|x86.Build.0 = Debug|Win32
		{44D2C07B-798D-461B-9019-DFB240593888}.Release|x86.ActiveCfg = Release|Win32
		{44D2C07B-798D-461B-9019-DFB240593888}.Release|x86.Build.0 = Release|Win32
	EndGlobalSection
	GlobalSection(SolutionProperties) = preSolution
		HideSolutionNode = FALSE
	EndGlobalSection
	GlobalSection(NestedProjects) = preSolution
		{EF9B5E00-F5D5-4EA6-9B4C-8C8149983517} = {01251884-230B-45EF-82FF-A3002DDA40E5}
		{01251884-230B-45EF-82FF-A3002DDA40E5} = {75A6D539-8458-45DF-BE47-1376FB54C16E}
		{844D5FBC-A0E8-446D-AF24-7B6FAD8FD713} = {E0A09DA7-AF20-49C2-84DC-481ADDD01DCA}
		{AA74BEEF-2484-4B8A-A9F4-ACB122220189} = {E0A09DA7-AF20-49C2-84DC-481ADDD01DCA}
		{44D2C07B-798D-461B-9019-DFB240593888} = {35427A70-36E6-4621-AEF1-D60F52D7A9DC}
	EndGlobalSection
EndGlobal
