
Microsoft Visual Studio Solution File, Format Version 12.00
# Visual Studio 15
VisualStudioVersion = 15.0.26430.16
MinimumVisualStudioVersion = 10.0.40219.1
Project("{2150E333-8FDC-42A3-9474-1A3956D46DE8}") = "DEMOS", "DEMOS", "{75A6D539-8458-45DF-BE47-1376FB54C16E}"
EndProject
Project("{8BC9CEB8-8B4A-11D0-8D11-00A0C91BC942}") = "Winapi", "Winapi\Winapi.vcxproj", "{EF9B5E00-F5D5-4EA6-9B4C-8C8149983517}"
EndProject
Project("{2150E333-8FDC-42A3-9474-1A3956D46DE8}") = "DEMOS_Winapi", "DEMOS_Winapi", "{01251884-230B-45EF-82FF-A3002DDA40E5}"
EndProject
Project("{8BC9CEB8-8B4A-11D0-8D11-00A0C91BC942}") = "00_Sandbox", "00_Sandbox\00_Sandbox.vcxproj", "{BE52867A-92EA-479A-9F73-1E96168F9A7B}"
EndProject
Project("{2150E333-8FDC-42A3-9474-1A3956D46DE8}") = "Class", "Class", "{E0A09DA7-AF20-49C2-84DC-481ADDD01DCA}"
EndProject
Project("{8BC9CEB8-8B4A-11D0-8D11-00A0C91BC942}") = "12_MeshClass", "12_MeshClass\12_MeshClass.vcxproj", "{C76AC833-06E7-4E6A-A097-83568F4930BE}"
EndProject
Project("{8BC9CEB8-8B4A-11D0-8D11-00A0C91BC942}") = "13_Translation and Scale", "13_Translation and Scale\13_Translation and Scale.vcxproj", "{F8D2226D-0FEB-4B92-9F76-59DBB6936F5C}"
EndProject
Project("{8BC9CEB8-8B4A-11D0-8D11-00A0C91BC942}") = "14_LERP", "14_LERP\14_LERP.vcxproj", "{0F3ED9B5-5767-4A16-A2B7-AA328F911889}"
EndProject
Project("{8BC9CEB8-8B4A-11D0-8D11-00A0C91BC942}") = "15_Rotations", "15_Rotations\15_Rotations.vcxproj", "{8C11DBDA-D14E-43F4-8F33-C2206969681C}"
EndProject
Project("{8BC9CEB8-8B4A-11D0-8D11-00A0C91BC942}") = "16_Quaternions", "16_Quaternions\16_Quaternions.vcxproj", "{1F43F357-3BBA-4A90-ABCC-A13ABFAE85B0}"
EndProject
Project("{8BC9CEB8-8B4A-11D0-8D11-00A0C91BC942}") = "17_ProjectionsAndCamera", "17_ProjectionsAndCamera\17_ProjectionsAndCamera.vcxproj", "{82D1372E-2527-4994-BB82-F2EF0A25A5BF}"
EndProject
Project("{8BC9CEB8-8B4A-11D0-8D11-00A0C91BC942}") = "18_ManagersAndInstancing", "18_ManagersAndInstancing\18_ManagersAndInstancing.vcxproj", "{8A69A84C-1395-4519-BFEA-A63FF0152003}"
EndProject
Project("{8BC9CEB8-8B4A-11D0-8D11-00A0C91BC942}") = "19_RigidBodyPt3", "19_RigidBodyPt3\19_RigidBodyPt3.vcxproj", "{4FA51D19-8EF4-4B71-A2CB-557B075ED3B5}"
EndProject
Project("{8BC9CEB8-8B4A-11D0-8D11-00A0C91BC942}") = "19_SAT(outcome)", "19_SAT(outcome)\19_SAT(outcome).vcxproj", "{1DE3FADD-3B5E-4D01-A0EF-58D207A1C1DD}"
EndProject
Project("{8BC9CEB8-8B4A-11D0-8D11-00A0C91BC942}") = "20_Entity", "20_Entity\20_Entity.vcxproj", "{4B4B19F6-D848-4668-B938-F0686EB12F9A}"
EndProject
Project("{8BC9CEB8-8B4A-11D0-8D11-00A0C91BC942}") = "21_EntityManager", "21_EntityManager\21_EntityManager.vcxproj", "{B29A7F3F-25ED-41BB-93DB-A79A918FAFDC}"
EndProject
Project("{8BC9CEB8-8B4A-11D0-8D11-00A0C91BC942}") = "22_SpatialOptimization", "22_SpatialOptimization\22_SpatialOptimization.vcxproj", "{844D5FBC-A0E8-446D-AF24-7B6FAD8FD713}"
EndProject
Project("{8BC9CEB8-8B4A-11D0-8D11-00A0C91BC942}") = "23_SpatialOptimizationPt2", "23_SpatialOptimizationPt2\23_SpatialOptimizationPt2.vcxproj", "{AA74BEEF-2484-4B8A-A9F4-ACB122220189}"
EndProject
Project("{2150E333-8FDC-42A3-9474-1A3956D46DE8}") = "PROJECT", "PROJECT", "{35427A70-36E6-4621-AEF1-D60F52D7A9DC}"
EndProject
Project("{8BC9CEB8-8B4A-11D0-8D11-00A0C91BC942}") = "openGLolf", "openGLolf\openGLolf.vcxproj", "{44D2C07B-798D-461B-9019-DFB240593888}"
EndProject
Global
	GlobalSection(SolutionConfigurationPlatforms) = preSolution
		Debug|x86 = Debug|x86
		Release|x86 = Release|x86
	EndGlobalSection
	GlobalSection(ProjectConfigurationPlatforms) = postSolution
		{EF9B5E00-F5D5-4EA6-9B4C-8C8149983517}.Debug|x86.ActiveCfg = Debug|Win32
		{EF9B5E00-F5D5-4EA6-9B4C-8C8149983517}.Debug|x86.Build.0 = Debug|Win32
		{EF9B5E00-F5D5-4EA6-9B4C-8C8149983517}.Debug|x86.Deploy.0 = Debug|Win32
		{EF9B5E00-F5D5-4EA6-9B4C-8C8149983517}.Release|x86.ActiveCfg = Release|Win32
		{EF9B5E00-F5D5-4EA6-9B4C-8C8149983517}.Release|x86.Build.0 = Release|Win32
		{EF9B5E00-F5D5-4EA6-9B4C-8C8149983517}.Release|x86.Deploy.0 = Release|Win32
		{BE52867A-92EA-479A-9F73-1E96168F9A7B}.Debug|x86.ActiveCfg = Debug|Win32
		{BE52867A-92EA-479A-9F73-1E96168F9A7B}.Debug|x86.Build.0 = Debug|Win32
		{BE52867A-92EA-479A-9F73-1E96168F9A7B}.Release|x86.ActiveCfg = Release|Win32
		{BE52867A-92EA-479A-9F73-1E96168F9A7B}.Release|x86.Build.0 = Release|Win32
		{C76AC833-06E7-4E6A-A097-83568F4930BE}.Debug|x86.ActiveCfg = Debug|Win32
		{C76AC833-06E7-4E6A-A097-83568F4930BE}.Debug|x86.Build.0 = Debug|Win32
		{C76AC833-06E7-4E6A-A097-83568F4930BE}.Release|x86.ActiveCfg = Release|Win32
		{C76AC833-06E7-4E6A-A097-83568F4930BE}.Release|x86.Build.0 = Release|Win32
		{F8D2226D-0FEB-4B92-9F76-59DBB6936F5C}.Debug|x86.ActiveCfg = Debug|Win32
		{F8D2226D-0FEB-4B92-9F76-59DBB6936F5C}.Debug|x86.Build.0 = Debug|Win32
		{F8D2226D-0FEB-4B92-9F76-59DBB6936F5C}.Release|x86.ActiveCfg = Release|Win32
		{F8D2226D-0FEB-4B92-9F76-59DBB6936F5C}.Release|x86.Build.0 = Release|Win32
		{0F3ED9B5-5767-4A16-A2B7-AA328F911889}.Debug|x86.ActiveCfg = Debug|Win32
		{0F3ED9B5-5767-4A16-A2B7-AA328F911889}.Debug|x86.Build.0 = Debug|Win32
		{0F3ED9B5-5767-4A16-A2B7-AA328F911889}.Release|x86.ActiveCfg = Release|Win32
		{0F3ED9B5-5767-4A16-A2B7-AA328F911889}.Release|x86.Build.0 = Release|Win32
		{8C11DBDA-D14E-43F4-8F33-C2206969681C}.Debug|x86.ActiveCfg = Debug|Win32
		{8C11DBDA-D14E-43F4-8F33-C2206969681C}.Debug|x86.Build.0 = Debug|Win32
		{8C11DBDA-D14E-43F4-8F33-C2206969681C}.Release|x86.ActiveCfg = Release|Win32
		{8C11DBDA-D14E-43F4-8F33-C2206969681C}.Release|x86.Build.0 = Release|Win32
		{1F43F357-3BBA-4A90-ABCC-A13ABFAE85B0}.Debug|x86.ActiveCfg = Debug|Win32
		{1F43F357-3BBA-4A90-ABCC-A13ABFAE85B0}.Debug|x86.Build.0 = Debug|Win32
		{1F43F357-3BBA-4A90-ABCC-A13ABFAE85B0}.Release|x86.ActiveCfg = Release|Win32
		{1F43F357-3BBA-4A90-ABCC-A13ABFAE85B0}.Release|x86.Build.0 = Release|Win32
		{82D1372E-2527-4994-BB82-F2EF0A25A5BF}.Debug|x86.ActiveCfg = Debug|Win32
		{82D1372E-2527-4994-BB82-F2EF0A25A5BF}.Debug|x86.Build.0 = Debug|Win32
		{82D1372E-2527-4994-BB82-F2EF0A25A5BF}.Release|x86.ActiveCfg = Release|Win32
		{82D1372E-2527-4994-BB82-F2EF0A25A5BF}.Release|x86.Build.0 = Release|Win32
		{8A69A84C-1395-4519-BFEA-A63FF0152003}.Debug|x86.ActiveCfg = Debug|Win32
		{8A69A84C-1395-4519-BFEA-A63FF0152003}.Debug|x86.Build.0 = Debug|Win32
		{8A69A84C-1395-4519-BFEA-A63FF0152003}.Release|x86.ActiveCfg = Release|Win32
		{8A69A84C-1395-4519-BFEA-A63FF0152003}.Release|x86.Build.0 = Release|Win32
		{4FA51D19-8EF4-4B71-A2CB-557B075ED3B5}.Debug|x86.ActiveCfg = Debug|Win32
		{4FA51D19-8EF4-4B71-A2CB-557B075ED3B5}.Debug|x86.Build.0 = Debug|Win32
		{4FA51D19-8EF4-4B71-A2CB-557B075ED3B5}.Release|x86.ActiveCfg = Release|Win32
		{4FA51D19-8EF4-4B71-A2CB-557B075ED3B5}.Release|x86.Build.0 = Release|Win32
		{1DE3FADD-3B5E-4D01-A0EF-58D207A1C1DD}.Debug|x86.ActiveCfg = Debug|Win32
		{1DE3FADD-3B5E-4D01-A0EF-58D207A1C1DD}.Debug|x86.Build.0 = Debug|Win32
		{1DE3FADD-3B5E-4D01-A0EF-58D207A1C1DD}.Release|x86.ActiveCfg = Release|Win32
		{1DE3FADD-3B5E-4D01-A0EF-58D207A1C1DD}.Release|x86.Build.0 = Release|Win32
		{4B4B19F6-D848-4668-B938-F0686EB12F9A}.Debug|x86.ActiveCfg = Debug|Win32
		{4B4B19F6-D848-4668-B938-F0686EB12F9A}.Debug|x86.Build.0 = Debug|Win32
		{4B4B19F6-D848-4668-B938-F0686EB12F9A}.Release|x86.ActiveCfg = Release|Win32
		{4B4B19F6-D848-4668-B938-F0686EB12F9A}.Release|x86.Build.0 = Release|Win32
		{B29A7F3F-25ED-41BB-93DB-A79A918FAFDC}.Debug|x86.ActiveCfg = Debug|Win32
		{B29A7F3F-25ED-41BB-93DB-A79A918FAFDC}.Debug|x86.Build.0 = Debug|Win32
		{B29A7F3F-25ED-41BB-93DB-A79A918FAFDC}.Release|x86.ActiveCfg = Release|Win32
		{B29A7F3F-25ED-41BB-93DB-A79A918FAFDC}.Release|x86.Build.0 = Release|Win32
		{844D5FBC-A0E8-446D-AF24-7B6FAD8FD713}.Debug|x86.ActiveCfg = Debug|Win32
		{844D5FBC-A0E8-446D-AF24-7B6FAD8FD713}.Debug|x86.Build.0 = Debug|Win32
		{844D5FBC-A0E8-446D-AF24-7B6FAD8FD713}.Release|x86.ActiveCfg = Release|Win32
		{844D5FBC-A0E8-446D-AF24-7B6FAD8FD713}.Release|x86.Build.0 = Release|Win32
		{AA74BEEF-2484-4B8A-A9F4-ACB122220189}.Debug|x86.ActiveCfg = Debug|Win32
		{AA74BEEF-2484-4B8A-A9F4-ACB122220189}.Debug|x86.Build.0 = Debug|Win32
		{AA74BEEF-2484-4B8A-A9F4-ACB122220189}.Release|x86.ActiveCfg = Release|Win32
		{AA74BEEF-2484-4B8A-A9F4-ACB122220189}.Release|x86.Build.0 = Release|Win32
		{44D2C07B-798D-461B-9019-DFB240593888}.Debug|x86.ActiveCfg = Debug|Win32
		{44D2C07B-798D-461B-9019-DFB240593888}.Debug|x86.Build.0 = Debug|Win32
		{44D2C07B-798D-461B-9019-DFB240593888}.Release|x86.ActiveCfg = Release|Win32
		{44D2C07B-798D-461B-9019-DFB240593888}.Release|x86.Build.0 = Release|Win32
	EndGlobalSection
	GlobalSection(SolutionProperties) = preSolution
		HideSolutionNode = FALSE
	EndGlobalSection
	GlobalSection(NestedProjects) = preSolution
		{EF9B5E00-F5D5-4EA6-9B4C-8C8149983517} = {01251884-230B-45EF-82FF-A3002DDA40E5}
		{01251884-230B-45EF-82FF-A3002DDA40E5} = {75A6D539-8458-45DF-BE47-1376FB54C16E}
		{BE52867A-92EA-479A-9F73-1E96168F9A7B} = {75A6D539-8458-45DF-BE47-1376FB54C16E}
		{C76AC833-06E7-4E6A-A097-83568F4930BE} = {E0A09DA7-AF20-49C2-84DC-481ADDD01DCA}
		{F8D2226D-0FEB-4B92-9F76-59DBB6936F5C} = {E0A09DA7-AF20-49C2-84DC-481ADDD01DCA}
		{0F3ED9B5-5767-4A16-A2B7-AA328F911889} = {E0A09DA7-AF20-49C2-84DC-481ADDD01DCA}
		{8C11DBDA-D14E-43F4-8F33-C2206969681C} = {E0A09DA7-AF20-49C2-84DC-481ADDD01DCA}
		{1F43F357-3BBA-4A90-ABCC-A13ABFAE85B0} = {E0A09DA7-AF20-49C2-84DC-481ADDD01DCA}
		{82D1372E-2527-4994-BB82-F2EF0A25A5BF} = {E0A09DA7-AF20-49C2-84DC-481ADDD01DCA}
		{8A69A84C-1395-4519-BFEA-A63FF0152003} = {E0A09DA7-AF20-49C2-84DC-481ADDD01DCA}
		{4FA51D19-8EF4-4B71-A2CB-557B075ED3B5} = {E0A09DA7-AF20-49C2-84DC-481ADDD01DCA}
		{1DE3FADD-3B5E-4D01-A0EF-58D207A1C1DD} = {E0A09DA7-AF20-49C2-84DC-481ADDD01DCA}
		{4B4B19F6-D848-4668-B938-F0686EB12F9A} = {E0A09DA7-AF20-49C2-84DC-481ADDD01DCA}
		{B29A7F3F-25ED-41BB-93DB-A79A918FAFDC} = {E0A09DA7-AF20-49C2-84DC-481ADDD01DCA}
		{844D5FBC-A0E8-446D-AF24-7B6FAD8FD713} = {E0A09DA7-AF20-49C2-84DC-481ADDD01DCA}
		{AA74BEEF-2484-4B8A-A9F4-ACB122220189} = {E0A09DA7-AF20-49C2-84DC-481ADDD01DCA}
		{44D2C07B-798D-461B-9019-DFB240593888} = {35427A70-36E6-4621-AEF1-D60F52D7A9DC}
	EndGlobalSection
EndGlobal
